// !$*UTF8*$!
{
	archiveVersion = 1;
	classes = {
	};
	objectVersion = 46;
	objects = {

/* Begin PBXBuildFile section */
		1ECC64D4D75DAA57CC478134 /* Pods_GMHelpers.framework in Frameworks */ = {isa = PBXBuildFile; fileRef = 3F84569E13E5FD54A3915595 /* Pods_GMHelpers.framework */; };
		F95C819B1D1D610F00E069C9 /* AppDelegate.swift in Sources */ = {isa = PBXBuildFile; fileRef = F95C819A1D1D610F00E069C9 /* AppDelegate.swift */; };
		F95C819D1D1D610F00E069C9 /* ViewController.swift in Sources */ = {isa = PBXBuildFile; fileRef = F95C819C1D1D610F00E069C9 /* ViewController.swift */; };
		F95C81A01D1D610F00E069C9 /* Main.storyboard in Resources */ = {isa = PBXBuildFile; fileRef = F95C819E1D1D610F00E069C9 /* Main.storyboard */; };
		F95C81A21D1D610F00E069C9 /* Assets.xcassets in Resources */ = {isa = PBXBuildFile; fileRef = F95C81A11D1D610F00E069C9 /* Assets.xcassets */; };
		F95C81A51D1D610F00E069C9 /* LaunchScreen.storyboard in Resources */ = {isa = PBXBuildFile; fileRef = F95C81A31D1D610F00E069C9 /* LaunchScreen.storyboard */; };
		F95C81AD1D1D613600E069C9 /* GMSPathExtension.swift in Sources */ = {isa = PBXBuildFile; fileRef = F95C81AC1D1D613600E069C9 /* GMSPathExtension.swift */; };
		F95C81AF1D1D615800E069C9 /* Extensions.swift in Sources */ = {isa = PBXBuildFile; fileRef = F95C81AE1D1D615800E069C9 /* Extensions.swift */; };
		F95C81B11D1D61ED00E069C9 /* GMHelpers.swift in Sources */ = {isa = PBXBuildFile; fileRef = F95C81B01D1D61ED00E069C9 /* GMHelpers.swift */; };
		F95C81B31D1D652200E069C9 /* SessionManager.swift in Sources */ = {isa = PBXBuildFile; fileRef = F95C81B21D1D652200E069C9 /* SessionManager.swift */; };
/* End PBXBuildFile section */

/* Begin PBXFileReference section */
		2330AA8550B58DF1B6473F1A /* Pods-GMHelpers.release.xcconfig */ = {isa = PBXFileReference; includeInIndex = 1; lastKnownFileType = text.xcconfig; name = "Pods-GMHelpers.release.xcconfig"; path = "Pods/Target Support Files/Pods-GMHelpers/Pods-GMHelpers.release.xcconfig"; sourceTree = "<group>"; };
		3F84569E13E5FD54A3915595 /* Pods_GMHelpers.framework */ = {isa = PBXFileReference; explicitFileType = wrapper.framework; includeInIndex = 0; path = Pods_GMHelpers.framework; sourceTree = BUILT_PRODUCTS_DIR; };
		6A8FADAEA0291C2A0C72B504 /* Pods-GMHelpers.debug.xcconfig */ = {isa = PBXFileReference; includeInIndex = 1; lastKnownFileType = text.xcconfig; name = "Pods-GMHelpers.debug.xcconfig"; path = "Pods/Target Support Files/Pods-GMHelpers/Pods-GMHelpers.debug.xcconfig"; sourceTree = "<group>"; };
		F95C81971D1D610F00E069C9 /* GMHelpers.app */ = {isa = PBXFileReference; explicitFileType = wrapper.application; includeInIndex = 0; path = GMHelpers.app; sourceTree = BUILT_PRODUCTS_DIR; };
		F95C819A1D1D610F00E069C9 /* AppDelegate.swift */ = {isa = PBXFileReference; lastKnownFileType = sourcecode.swift; path = AppDelegate.swift; sourceTree = "<group>"; };
		F95C819C1D1D610F00E069C9 /* ViewController.swift */ = {isa = PBXFileReference; lastKnownFileType = sourcecode.swift; path = ViewController.swift; sourceTree = "<group>"; };
		F95C819F1D1D610F00E069C9 /* Base */ = {isa = PBXFileReference; lastKnownFileType = file.storyboard; name = Base; path = Base.lproj/Main.storyboard; sourceTree = "<group>"; };
		F95C81A11D1D610F00E069C9 /* Assets.xcassets */ = {isa = PBXFileReference; lastKnownFileType = folder.assetcatalog; path = Assets.xcassets; sourceTree = "<group>"; };
		F95C81A41D1D610F00E069C9 /* Base */ = {isa = PBXFileReference; lastKnownFileType = file.storyboard; name = Base; path = Base.lproj/LaunchScreen.storyboard; sourceTree = "<group>"; };
		F95C81A61D1D610F00E069C9 /* Info.plist */ = {isa = PBXFileReference; lastKnownFileType = text.plist.xml; path = Info.plist; sourceTree = "<group>"; };
		F95C81AC1D1D613600E069C9 /* GMSPathExtension.swift */ = {isa = PBXFileReference; fileEncoding = 4; lastKnownFileType = sourcecode.swift; path = GMSPathExtension.swift; sourceTree = "<group>"; };
		F95C81AE1D1D615800E069C9 /* Extensions.swift */ = {isa = PBXFileReference; fileEncoding = 4; lastKnownFileType = sourcecode.swift; path = Extensions.swift; sourceTree = "<group>"; };
		F95C81B01D1D61ED00E069C9 /* GMHelpers.swift */ = {isa = PBXFileReference; fileEncoding = 4; lastKnownFileType = sourcecode.swift; path = GMHelpers.swift; sourceTree = "<group>"; };
		F95C81B21D1D652200E069C9 /* SessionManager.swift */ = {isa = PBXFileReference; fileEncoding = 4; lastKnownFileType = sourcecode.swift; path = SessionManager.swift; sourceTree = "<group>"; };
/* End PBXFileReference section */

/* Begin PBXFrameworksBuildPhase section */
		F95C81941D1D610F00E069C9 /* Frameworks */ = {
			isa = PBXFrameworksBuildPhase;
			buildActionMask = 2147483647;
			files = (
				1ECC64D4D75DAA57CC478134 /* Pods_GMHelpers.framework in Frameworks */,
			);
			runOnlyForDeploymentPostprocessing = 0;
		};
/* End PBXFrameworksBuildPhase section */

/* Begin PBXGroup section */
		2BBC130555658522E9342CAC /* Pods */ = {
			isa = PBXGroup;
			children = (
				6A8FADAEA0291C2A0C72B504 /* Pods-GMHelpers.debug.xcconfig */,
				2330AA8550B58DF1B6473F1A /* Pods-GMHelpers.release.xcconfig */,
			);
			name = Pods;
			sourceTree = "<group>";
		};
		CC43221946EFAD099E6C3D69 /* Frameworks */ = {
			isa = PBXGroup;
			children = (
				3F84569E13E5FD54A3915595 /* Pods_GMHelpers.framework */,
			);
			name = Frameworks;
			sourceTree = "<group>";
		};
		F95C818E1D1D610F00E069C9 = {
			isa = PBXGroup;
			children = (
				F95C81991D1D610F00E069C9 /* GMHelpers */,
				F95C81981D1D610F00E069C9 /* Products */,
				2BBC130555658522E9342CAC /* Pods */,
				CC43221946EFAD099E6C3D69 /* Frameworks */,
			);
			sourceTree = "<group>";
		};
		F95C81981D1D610F00E069C9 /* Products */ = {
			isa = PBXGroup;
			children = (
				F95C81971D1D610F00E069C9 /* GMHelpers.app */,
			);
			name = Products;
			sourceTree = "<group>";
		};
		F95C81991D1D610F00E069C9 /* GMHelpers */ = {
			isa = PBXGroup;
			children = (
				F95C819A1D1D610F00E069C9 /* AppDelegate.swift */,
				F95C81A11D1D610F00E069C9 /* Assets.xcassets */,
				F95C81AE1D1D615800E069C9 /* Extensions.swift */,
				F95C81B01D1D61ED00E069C9 /* GMHelpers.swift */,
				F95C81AC1D1D613600E069C9 /* GMSPathExtension.swift */,
				F95C81A61D1D610F00E069C9 /* Info.plist */,
				F95C81A31D1D610F00E069C9 /* LaunchScreen.storyboard */,
				F95C819E1D1D610F00E069C9 /* Main.storyboard */,
				F95C81B21D1D652200E069C9 /* SessionManager.swift */,
				F95C819C1D1D610F00E069C9 /* ViewController.swift */,
			);
			path = GMHelpers;
			sourceTree = "<group>";
		};
/* End PBXGroup section */

/* Begin PBXNativeTarget section */
		F95C81961D1D610F00E069C9 /* GMHelpers */ = {
			isa = PBXNativeTarget;
			buildConfigurationList = F95C81A91D1D610F00E069C9 /* Build configuration list for PBXNativeTarget "GMHelpers" */;
			buildPhases = (
				48AE016CE4A69BE3334E318E /* [CP] Check Pods Manifest.lock */,
				F95C81931D1D610F00E069C9 /* Sources */,
				F95C81941D1D610F00E069C9 /* Frameworks */,
				F95C81951D1D610F00E069C9 /* Resources */,
				E8956F78D906D0F58D37BA09 /* [CP] Embed Pods Frameworks */,
				2AA7CE98B5C72D8FB1417B17 /* [CP] Copy Pods Resources */,
			);
			buildRules = (
			);
			dependencies = (
			);
			name = GMHelpers;
			productName = GMHelpers;
			productReference = F95C81971D1D610F00E069C9 /* GMHelpers.app */;
			productType = "com.apple.product-type.application";
		};
/* End PBXNativeTarget section */

/* Begin PBXProject section */
		F95C818F1D1D610F00E069C9 /* Project object */ = {
			isa = PBXProject;
			attributes = {
				LastSwiftUpdateCheck = 0730;
				LastUpgradeCheck = 0730;
				ORGANIZATIONNAME = com.hopinside.hopin;
				TargetAttributes = {
					F95C81961D1D610F00E069C9 = {
						CreatedOnToolsVersion = 7.3.1;
					};
				};
			};
			buildConfigurationList = F95C81921D1D610F00E069C9 /* Build configuration list for PBXProject "GMHelpers" */;
			compatibilityVersion = "Xcode 3.2";
			developmentRegion = English;
			hasScannedForEncodings = 0;
			knownRegions = (
				en,
				Base,
			);
			mainGroup = F95C818E1D1D610F00E069C9;
			productRefGroup = F95C81981D1D610F00E069C9 /* Products */;
			projectDirPath = "";
			projectRoot = "";
			targets = (
				F95C81961D1D610F00E069C9 /* GMHelpers */,
			);
		};
/* End PBXProject section */

/* Begin PBXResourcesBuildPhase section */
		F95C81951D1D610F00E069C9 /* Resources */ = {
			isa = PBXResourcesBuildPhase;
			buildActionMask = 2147483647;
			files = (
				F95C81A51D1D610F00E069C9 /* LaunchScreen.storyboard in Resources */,
				F95C81A21D1D610F00E069C9 /* Assets.xcassets in Resources */,
				F95C81A01D1D610F00E069C9 /* Main.storyboard in Resources */,
			);
			runOnlyForDeploymentPostprocessing = 0;
		};
/* End PBXResourcesBuildPhase section */

/* Begin PBXShellScriptBuildPhase section */
		2AA7CE98B5C72D8FB1417B17 /* [CP] Copy Pods Resources */ = {
			isa = PBXShellScriptBuildPhase;
			buildActionMask = 2147483647;
			files = (
			);
			inputPaths = (
			);
			name = "[CP] Copy Pods Resources";
			outputPaths = (
			);
			runOnlyForDeploymentPostprocessing = 0;
			shellPath = /bin/sh;
			shellScript = "\"${SRCROOT}/Pods/Target Support Files/Pods-GMHelpers/Pods-GMHelpers-resources.sh\"\n";
			showEnvVarsInLog = 0;
		};
		48AE016CE4A69BE3334E318E /* [CP] Check Pods Manifest.lock */ = {
			isa = PBXShellScriptBuildPhase;
			buildActionMask = 2147483647;
			files = (
			);
			inputPaths = (
			);
			name = "[CP] Check Pods Manifest.lock";
			outputPaths = (
			);
			runOnlyForDeploymentPostprocessing = 0;
			shellPath = /bin/sh;
			shellScript = "diff \"${PODS_ROOT}/../Podfile.lock\" \"${PODS_ROOT}/Manifest.lock\" > /dev/null\nif [[ $? != 0 ]] ; then\n    cat << EOM\nerror: The sandbox is not in sync with the Podfile.lock. Run 'pod install' or update your CocoaPods installation.\nEOM\n    exit 1\nfi\n";
			showEnvVarsInLog = 0;
		};
		E8956F78D906D0F58D37BA09 /* [CP] Embed Pods Frameworks */ = {
			isa = PBXShellScriptBuildPhase;
			buildActionMask = 2147483647;
			files = (
			);
			inputPaths = (
			);
			name = "[CP] Embed Pods Frameworks";
			outputPaths = (
			);
			runOnlyForDeploymentPostprocessing = 0;
			shellPath = /bin/sh;
			shellScript = "\"${SRCROOT}/Pods/Target Support Files/Pods-GMHelpers/Pods-GMHelpers-frameworks.sh\"\n";
			showEnvVarsInLog = 0;
		};
/* End PBXShellScriptBuildPhase section */

/* Begin PBXSourcesBuildPhase section */
		F95C81931D1D610F00E069C9 /* Sources */ = {
			isa = PBXSourcesBuildPhase;
			buildActionMask = 2147483647;
			files = (
				F95C819D1D1D610F00E069C9 /* ViewController.swift in Sources */,
				F95C819B1D1D610F00E069C9 /* AppDelegate.swift in Sources */,
				F95C81B31D1D652200E069C9 /* SessionManager.swift in Sources */,
				F95C81AD1D1D613600E069C9 /* GMSPathExtension.swift in Sources */,
				F95C81AF1D1D615800E069C9 /* Extensions.swift in Sources */,
				F95C81B11D1D61ED00E069C9 /* GMHelpers.swift in Sources */,
			);
			runOnlyForDeploymentPostprocessing = 0;
		};
/* End PBXSourcesBuildPhase section */

/* Begin PBXVariantGroup section */
		F95C819E1D1D610F00E069C9 /* Main.storyboard */ = {
			isa = PBXVariantGroup;
			children = (
				F95C819F1D1D610F00E069C9 /* Base */,
			);
			name = Main.storyboard;
			sourceTree = "<group>";
		};
		F95C81A31D1D610F00E069C9 /* LaunchScreen.storyboard */ = {
			isa = PBXVariantGroup;
			children = (
				F95C81A41D1D610F00E069C9 /* Base */,
			);
			name = LaunchScreen.storyboard;
			sourceTree = "<group>";
		};
/* End PBXVariantGroup section */

/* Begin XCBuildConfiguration section */
		F95C81A71D1D610F00E069C9 /* Debug */ = {
			isa = XCBuildConfiguration;
			buildSettings = {
				ALWAYS_SEARCH_USER_PATHS = NO;
				CLANG_ANALYZER_NONNULL = YES;
				CLANG_CXX_LANGUAGE_STANDARD = "gnu++0x";
				CLANG_CXX_LIBRARY = "libc++";
				CLANG_ENABLE_MODULES = YES;
				CLANG_ENABLE_OBJC_ARC = YES;
				CLANG_WARN_BOOL_CONVERSION = YES;
				CLANG_WARN_CONSTANT_CONVERSION = YES;
				CLANG_WARN_DIRECT_OBJC_ISA_USAGE = YES_ERROR;
				CLANG_WARN_EMPTY_BODY = YES;
				CLANG_WARN_ENUM_CONVERSION = YES;
				CLANG_WARN_INT_CONVERSION = YES;
				CLANG_WARN_OBJC_ROOT_CLASS = YES_ERROR;
				CLANG_WARN_UNREACHABLE_CODE = YES;
				CLANG_WARN__DUPLICATE_METHOD_MATCH = YES;
				"CODE_SIGN_IDENTITY[sdk=iphoneos*]" = "iPhone Developer";
				COPY_PHASE_STRIP = NO;
				DEBUG_INFORMATION_FORMAT = dwarf;
				ENABLE_STRICT_OBJC_MSGSEND = YES;
				ENABLE_TESTABILITY = YES;
				GCC_C_LANGUAGE_STANDARD = gnu99;
				GCC_DYNAMIC_NO_PIC = NO;
				GCC_NO_COMMON_BLOCKS = YES;
				GCC_OPTIMIZATION_LEVEL = 0;
				GCC_PREPROCESSOR_DEFINITIONS = (
					"DEBUG=1",
					"$(inherited)",
				);
				GCC_WARN_64_TO_32_BIT_CONVERSION = YES;
				GCC_WARN_ABOUT_RETURN_TYPE = YES_ERROR;
				GCC_WARN_UNDECLARED_SELECTOR = YES;
				GCC_WARN_UNINITIALIZED_AUTOS = YES_AGGRESSIVE;
				GCC_WARN_UNUSED_FUNCTION = YES;
				GCC_WARN_UNUSED_VARIABLE = YES;
				IPHONEOS_DEPLOYMENT_TARGET = 9.3;
				MTL_ENABLE_DEBUG_INFO = YES;
				ONLY_ACTIVE_ARCH = YES;
				SDKROOT = iphoneos;
				SWIFT_OPTIMIZATION_LEVEL = "-Onone";
			};
			name = Debug;
		};
		F95C81A81D1D610F00E069C9 /* Release */ = {
			isa = XCBuildConfiguration;
			buildSettings = {
				ALWAYS_SEARCH_USER_PATHS = NO;
				CLANG_ANALYZER_NONNULL = YES;
				CLANG_CXX_LANGUAGE_STANDARD = "gnu++0x";
				CLANG_CXX_LIBRARY = "libc++";
				CLANG_ENABLE_MODULES = YES;
				CLANG_ENABLE_OBJC_ARC = YES;
				CLANG_WARN_BOOL_CONVERSION = YES;
				CLANG_WARN_CONSTANT_CONVERSION = YES;
				CLANG_WARN_DIRECT_OBJC_ISA_USAGE = YES_ERROR;
				CLANG_WARN_EMPTY_BODY = YES;
				CLANG_WARN_ENUM_CONVERSION = YES;
				CLANG_WARN_INT_CONVERSION = YES;
				CLANG_WARN_OBJC_ROOT_CLASS = YES_ERROR;
				CLANG_WARN_UNREACHABLE_CODE = YES;
				CLANG_WARN__DUPLICATE_METHOD_MATCH = YES;
				"CODE_SIGN_IDENTITY[sdk=iphoneos*]" = "iPhone Developer";
				COPY_PHASE_STRIP = NO;
				DEBUG_INFORMATION_FORMAT = "dwarf-with-dsym";
				ENABLE_NS_ASSERTIONS = NO;
				ENABLE_STRICT_OBJC_MSGSEND = YES;
				GCC_C_LANGUAGE_STANDARD = gnu99;
				GCC_NO_COMMON_BLOCKS = YES;
				GCC_WARN_64_TO_32_BIT_CONVERSION = YES;
				GCC_WARN_ABOUT_RETURN_TYPE = YES_ERROR;
				GCC_WARN_UNDECLARED_SELECTOR = YES;
				GCC_WARN_UNINITIALIZED_AUTOS = YES_AGGRESSIVE;
				GCC_WARN_UNUSED_FUNCTION = YES;
				GCC_WARN_UNUSED_VARIABLE = YES;
				IPHONEOS_DEPLOYMENT_TARGET = 9.3;
				MTL_ENABLE_DEBUG_INFO = NO;
				SDKROOT = iphoneos;
				VALIDATE_PRODUCT = YES;
			};
			name = Release;
		};
		F95C81AA1D1D610F00E069C9 /* Debug */ = {
			isa = XCBuildConfiguration;
			baseConfigurationReference = 6A8FADAEA0291C2A0C72B504 /* Pods-GMHelpers.debug.xcconfig */;
			buildSettings = {
				ASSETCATALOG_COMPILER_APPICON_NAME = AppIcon;
				INFOPLIST_FILE = GMHelpers/Info.plist;
				IPHONEOS_DEPLOYMENT_TARGET = 9.0;
				LD_RUNPATH_SEARCH_PATHS = "$(inherited) @executable_path/Frameworks";
				PRODUCT_BUNDLE_IDENTIFIER = EP.GMHelpers;
				PRODUCT_NAME = "$(TARGET_NAME)";
			};
			name = Debug;
		};
		F95C81AB1D1D610F00E069C9 /* Release */ = {
			isa = XCBuildConfiguration;
			baseConfigurationReference = 2330AA8550B58DF1B6473F1A /* Pods-GMHelpers.release.xcconfig */;
			buildSettings = {
				ASSETCATALOG_COMPILER_APPICON_NAME = AppIcon;
				INFOPLIST_FILE = GMHelpers/Info.plist;
				IPHONEOS_DEPLOYMENT_TARGET = 9.0;
				LD_RUNPATH_SEARCH_PATHS = "$(inherited) @executable_path/Frameworks";
				PRODUCT_BUNDLE_IDENTIFIER = EP.GMHelpers;
				PRODUCT_NAME = "$(TARGET_NAME)";
			};
			name = Release;
		};
/* End XCBuildConfiguration section */

/* Begin XCConfigurationList section */
		F95C81921D1D610F00E069C9 /* Build configuration list for PBXProject "GMHelpers" */ = {
			isa = XCConfigurationList;
			buildConfigurations = (
				F95C81A71D1D610F00E069C9 /* Debug */,
				F95C81A81D1D610F00E069C9 /* Release */,
			);
			defaultConfigurationIsVisible = 0;
			defaultConfigurationName = Release;
		};
		F95C81A91D1D610F00E069C9 /* Build configuration list for PBXNativeTarget "GMHelpers" */ = {
			isa = XCConfigurationList;
			buildConfigurations = (
				F95C81AA1D1D610F00E069C9 /* Debug */,
				F95C81AB1D1D610F00E069C9 /* Release */,
			);
			defaultConfigurationIsVisible = 0;
			defaultConfigurationName = Release;
		};
/* End XCConfigurationList section */
	};
	rootObject = F95C818F1D1D610F00E069C9 /* Project object */;
}
